
Microsoft Visual Studio Solution File, Format Version 12.00
# Visual Studio Version 17
VisualStudioVersion = 17.11.35327.3
MinimumVisualStudioVersion = 10.0.40219.1
Project("{FAE04EC0-301F-11D3-BF4B-00C04F79EFBC}") = "hillel_VS", "hillel_VS\hillel_VS.csproj", "{AE42927C-5415-4149-B24A-9880ADC75A9C}"
EndProject
Global
	GlobalSection(SolutionConfigurationPlatforms) = preSolution
		Debug|Any CPU = Debug|Any CPU
		Release|Any CPU = Release|Any CPU
	EndGlobalSection
	GlobalSection(ProjectConfigurationPlatforms) = postSolution
		{AE42927C-5415-4149-B24A-9880ADC75A9C}.Debug|Any CPU.ActiveCfg = Debug|Any CPU
		{AE42927C-5415-4149-B24A-9880ADC75A9C}.Debug|Any CPU.Build.0 = Debug|Any CPU
		{AE42927C-5415-4149-B24A-9880ADC75A9C}.Release|Any CPU.ActiveCfg = Release|Any CPU
		{AE42927C-5415-4149-B24A-9880ADC75A9C}.Release|Any CPU.Build.0 = Release|Any CPU
	EndGlobalSection
	GlobalSection(SolutionProperties) = preSolution
		HideSolutionNode = FALSE
	EndGlobalSection
	GlobalSection(ExtensibilityGlobals) = postSolution
		SolutionGuid = {F190B7EE-7007-4350-9E2C-27082C4376BD}
	EndGlobalSection
EndGlobal
